{
  "object": {
    "pins": [
      {
        "package": "Nimbus",
        "repositoryURL": "https://github.com/salesforce/nimbus",
        "state": {
          "branch": "main",
          "revision": "86b42d56e5091bf30b647d23e395f72d06da671c",
          "version": null
        }
      }
    ]
  },
  "version": 1
}
