PODS:
  - NimbusBridge (2.0.0-beta1)

DEPENDENCIES:
  - NimbusBridge (~> 2.0.0-beta1)

SPEC REPOS:
  https://git.soma.salesforce.com/MobilePlatform/CocoaPods-Specs.git:
    - NimbusBridge

SPEC CHECKSUMS:
  NimbusBridge: fedc90480569f4f768a4ddb4139102f27310d9df

PODFILE CHECKSUM: ef8b0ae6b6737cc286d80a31a1d20c04d0084f48

COCOAPODS: 1.8.4
