PODS:
  - DesignSystem (2.0.8)
  - NimbusBridge (2.0.1)
  - SnapshotTesting (1.8.1)

DEPENDENCIES:
  - DesignSystem (~> 2.0)
  - NimbusBridge (~> 2.0)
  - NimbusBridge (~> 2.0.0-beta1)
  - SnapshotTesting (~> 1.8.1)

SPEC REPOS:
  https://github.com/CocoaPods/Specs.git:
    - DesignSystem
    - NimbusBridge
    - SnapshotTesting

SPEC CHECKSUMS:
  DesignSystem: 0777e9c9eec974d02334461735c6d95552341b59
  NimbusBridge: 14c53c17394716c5a3b63b028c8e61a8f72389e8
  SnapshotTesting: 0bf562bd74d3e9d053cd8f1123bd7b8913304df4

PODFILE CHECKSUM: 97799c91a0cb6d0aa62ede829b3a7ff56aa32dac

COCOAPODS: 1.10.2
