// !$*UTF8*$!
{
	archiveVersion = 1;
	classes = {
	};
	objectVersion = 51;
	objects = {

/* Begin PBXBuildFile section */
		5EFB60AF76940C6277A8BE6A /* Pods_BarcodeScannerTests.framework in Frameworks */ = {isa = PBXBuildFile; fileRef = 75753546B3EF11F6FDBBBDDB /* Pods_BarcodeScannerTests.framework */; };
		673ECFF06196D2C17BF22BAD /* Pods_My_Pods_BarcodeScanner.framework in Frameworks */ = {isa = PBXBuildFile; fileRef = C4B4F712E0C778FF914A6CAA /* Pods_My_Pods_BarcodeScanner.framework */; };
		883FDB1DC85FAAB1AE937E82 /* Pods_My_Pods_BarcodeScannerDemoApp.framework in Frameworks */ = {isa = PBXBuildFile; fileRef = 3AB96258BC753DDB184B5BAE /* Pods_My_Pods_BarcodeScannerDemoApp.framework */; };
		A90E64D026CAF38F00CE0D38 /* BarcodeScanner.framework in Frameworks */ = {isa = PBXBuildFile; fileRef = CCE2636224D31B7D00C50D82 /* BarcodeScanner.framework */; };
		A90E64D126CAF3B500CE0D38 /* BarcodeScanner.framework in CopyFiles */ = {isa = PBXBuildFile; fileRef = CCE2636224D31B7D00C50D82 /* BarcodeScanner.framework */; settings = {ATTRIBUTES = (CodeSignOnCopy, RemoveHeadersOnCopy, ); }; };
		A9D61E7D26CAC4D2001E9697 /* Main.storyboard in Resources */ = {isa = PBXBuildFile; fileRef = A9D61E4D26CAC374001E9697 /* Main.storyboard */; };
		A9D61E7E26CAC4DC001E9697 /* ViewController.swift in Sources */ = {isa = PBXBuildFile; fileRef = A9D61E4B26CAC2D8001E9697 /* ViewController.swift */; };
		A9D61E7F26CAC4E6001E9697 /* AppDelegate.swift in Sources */ = {isa = PBXBuildFile; fileRef = A9D61E4926CAC211001E9697 /* AppDelegate.swift */; };
		A9EB92D426CACBAA00EE4AE4 /* SceneDelegate.swift in Sources */ = {isa = PBXBuildFile; fileRef = A9EB92D326CACBAA00EE4AE4 /* SceneDelegate.swift */; };
		A9EB92D726CAD5D600EE4AE4 /* webview.html in Resources */ = {isa = PBXBuildFile; fileRef = A9EB92D626CAD5D600EE4AE4 /* webview.html */; };
		BBA76E8DE6ADF49A68C89CE9 /* Pods_My_Pods_Scanner.framework in Frameworks */ = {isa = PBXBuildFile; fileRef = 71E598E45F1EC2EDAFBE3CC6 /* Pods_My_Pods_Scanner.framework */; };
		CC5CFCA824D9DDF3002BBF85 /* BarcodeScanner.framework in Frameworks */ = {isa = PBXBuildFile; fileRef = CCE2636224D31B7D00C50D82 /* BarcodeScanner.framework */; };
		CC5CFCA924D9DDF3002BBF85 /* BarcodeScanner.framework in Embed Frameworks */ = {isa = PBXBuildFile; fileRef = CCE2636224D31B7D00C50D82 /* BarcodeScanner.framework */; settings = {ATTRIBUTES = (CodeSignOnCopy, RemoveHeadersOnCopy, ); }; };
		CCAC248824D9B43A00866C2E /* AppDelegate.swift in Sources */ = {isa = PBXBuildFile; fileRef = CCAC248724D9B43A00866C2E /* AppDelegate.swift */; };
		CCAC248A24D9B43A00866C2E /* SceneDelegate.swift in Sources */ = {isa = PBXBuildFile; fileRef = CCAC248924D9B43A00866C2E /* SceneDelegate.swift */; };
		CCAC248C24D9B43A00866C2E /* ViewController.swift in Sources */ = {isa = PBXBuildFile; fileRef = CCAC248B24D9B43A00866C2E /* ViewController.swift */; };
		CCAC248F24D9B43A00866C2E /* Main.storyboard in Resources */ = {isa = PBXBuildFile; fileRef = CCAC248D24D9B43A00866C2E /* Main.storyboard */; };
		CCAC249124D9B43B00866C2E /* Assets.xcassets in Resources */ = {isa = PBXBuildFile; fileRef = CCAC249024D9B43B00866C2E /* Assets.xcassets */; };
		CCAC249424D9B43B00866C2E /* LaunchScreen.storyboard in Resources */ = {isa = PBXBuildFile; fileRef = CCAC249224D9B43B00866C2E /* LaunchScreen.storyboard */; };
		CCE1FFC924D36BAA00609E90 /* CameraService.swift in Sources */ = {isa = PBXBuildFile; fileRef = CCE1FFC424D36BAA00609E90 /* CameraService.swift */; };
		CCE1FFCA24D36BAA00609E90 /* Barcode.swift in Sources */ = {isa = PBXBuildFile; fileRef = CCE1FFC524D36BAA00609E90 /* Barcode.swift */; };
		CCE1FFCB24D36BAA00609E90 /* BarcodeScannerViewController.swift in Sources */ = {isa = PBXBuildFile; fileRef = CCE1FFC624D36BAA00609E90 /* BarcodeScannerViewController.swift */; };
		CCE1FFCC24D36BAA00609E90 /* BarcodeScannerFailure.swift in Sources */ = {isa = PBXBuildFile; fileRef = CCE1FFC724D36BAA00609E90 /* BarcodeScannerFailure.swift */; };
		CCE1FFCD24D36BAA00609E90 /* BarcodeScannerPlugin.swift in Sources */ = {isa = PBXBuildFile; fileRef = CCE1FFC824D36BAA00609E90 /* BarcodeScannerPlugin.swift */; };
		CCE2636C24D31B7D00C50D82 /* BarcodeScanner.framework in Frameworks */ = {isa = PBXBuildFile; fileRef = CCE2636224D31B7D00C50D82 /* BarcodeScanner.framework */; };
		CCE2637124D31B7D00C50D82 /* BarcodeScannerTests.swift in Sources */ = {isa = PBXBuildFile; fileRef = CCE2637024D31B7D00C50D82 /* BarcodeScannerTests.swift */; };
		CCE2637324D31B7D00C50D82 /* BarcodeScanner.h in Headers */ = {isa = PBXBuildFile; fileRef = CCE2636524D31B7D00C50D82 /* BarcodeScanner.h */; settings = {ATTRIBUTES = (Public, ); }; };
/* End PBXBuildFile section */

/* Begin PBXContainerItemProxy section */
		A90E64CE26CAF37C00CE0D38 /* PBXContainerItemProxy */ = {
			isa = PBXContainerItemProxy;
			containerPortal = CCE2635924D31B7D00C50D82 /* Project object */;
			proxyType = 1;
			remoteGlobalIDString = CCE2636124D31B7D00C50D82;
			remoteInfo = BarcodeScanner;
		};
		CCAC249924D9B44F00866C2E /* PBXContainerItemProxy */ = {
			isa = PBXContainerItemProxy;
			containerPortal = CCE2635924D31B7D00C50D82 /* Project object */;
			proxyType = 1;
			remoteGlobalIDString = CCE2636124D31B7D00C50D82;
			remoteInfo = BarcodeScanner;
		};
		CCE2636D24D31B7D00C50D82 /* PBXContainerItemProxy */ = {
			isa = PBXContainerItemProxy;
			containerPortal = CCE2635924D31B7D00C50D82 /* Project object */;
			proxyType = 1;
			remoteGlobalIDString = CCE2636124D31B7D00C50D82;
			remoteInfo = BarcodeScanner;
		};
/* End PBXContainerItemProxy section */

/* Begin PBXCopyFilesBuildPhase section */
		A9EB92E226CAD82700EE4AE4 /* CopyFiles */ = {
			isa = PBXCopyFilesBuildPhase;
			buildActionMask = 2147483647;
			dstPath = "";
			dstSubfolderSpec = 10;
			files = (
				A90E64D126CAF3B500CE0D38 /* BarcodeScanner.framework in CopyFiles */,
			);
			runOnlyForDeploymentPostprocessing = 0;
		};
		CC5CFCA324D9DDA1002BBF85 /* Embed Frameworks */ = {
			isa = PBXCopyFilesBuildPhase;
			buildActionMask = 2147483647;
			dstPath = "";
			dstSubfolderSpec = 10;
			files = (
				CC5CFCA924D9DDF3002BBF85 /* BarcodeScanner.framework in Embed Frameworks */,
			);
			name = "Embed Frameworks";
			runOnlyForDeploymentPostprocessing = 0;
		};
/* End PBXCopyFilesBuildPhase section */

/* Begin PBXFileReference section */
		30181D84098D7BAC52944ABC /* Pods-My Pods-BarcodeScannerDemoApp.debug.xcconfig */ = {isa = PBXFileReference; includeInIndex = 1; lastKnownFileType = text.xcconfig; name = "Pods-My Pods-BarcodeScannerDemoApp.debug.xcconfig"; path = "Target Support Files/Pods-My Pods-BarcodeScannerDemoApp/Pods-My Pods-BarcodeScannerDemoApp.debug.xcconfig"; sourceTree = "<group>"; };
		3AB96258BC753DDB184B5BAE /* Pods_My_Pods_BarcodeScannerDemoApp.framework */ = {isa = PBXFileReference; explicitFileType = wrapper.framework; includeInIndex = 0; path = Pods_My_Pods_BarcodeScannerDemoApp.framework; sourceTree = BUILT_PRODUCTS_DIR; };
		3C74F6AA3E15CD7870B739E2 /* Pods-My Pods-Scanner.release.xcconfig */ = {isa = PBXFileReference; includeInIndex = 1; lastKnownFileType = text.xcconfig; name = "Pods-My Pods-Scanner.release.xcconfig"; path = "Target Support Files/Pods-My Pods-Scanner/Pods-My Pods-Scanner.release.xcconfig"; sourceTree = "<group>"; };
		481FB7CE2E476A784DDBF6B9 /* Pods-My Pods-BarcodeScanner.release.xcconfig */ = {isa = PBXFileReference; includeInIndex = 1; lastKnownFileType = text.xcconfig; name = "Pods-My Pods-BarcodeScanner.release.xcconfig"; path = "Target Support Files/Pods-My Pods-BarcodeScanner/Pods-My Pods-BarcodeScanner.release.xcconfig"; sourceTree = "<group>"; };
		57498779F0A759BAD38C2068 /* Pods-My Pods-BarcodeScanner.debug.xcconfig */ = {isa = PBXFileReference; includeInIndex = 1; lastKnownFileType = text.xcconfig; name = "Pods-My Pods-BarcodeScanner.debug.xcconfig"; path = "Target Support Files/Pods-My Pods-BarcodeScanner/Pods-My Pods-BarcodeScanner.debug.xcconfig"; sourceTree = "<group>"; };
		71E598E45F1EC2EDAFBE3CC6 /* Pods_My_Pods_Scanner.framework */ = {isa = PBXFileReference; explicitFileType = wrapper.framework; includeInIndex = 0; path = Pods_My_Pods_Scanner.framework; sourceTree = BUILT_PRODUCTS_DIR; };
		75753546B3EF11F6FDBBBDDB /* Pods_BarcodeScannerTests.framework */ = {isa = PBXFileReference; explicitFileType = wrapper.framework; includeInIndex = 0; path = Pods_BarcodeScannerTests.framework; sourceTree = BUILT_PRODUCTS_DIR; };
		77F955110921714856C4F61B /* Pods-BarcodeScannerTests.release.xcconfig */ = {isa = PBXFileReference; includeInIndex = 1; lastKnownFileType = text.xcconfig; name = "Pods-BarcodeScannerTests.release.xcconfig"; path = "Target Support Files/Pods-BarcodeScannerTests/Pods-BarcodeScannerTests.release.xcconfig"; sourceTree = "<group>"; };
		A9D61E4926CAC211001E9697 /* AppDelegate.swift */ = {isa = PBXFileReference; lastKnownFileType = sourcecode.swift; path = AppDelegate.swift; sourceTree = "<group>"; };
		A9D61E4B26CAC2D8001E9697 /* ViewController.swift */ = {isa = PBXFileReference; lastKnownFileType = sourcecode.swift; path = ViewController.swift; sourceTree = "<group>"; };
		A9D61E4D26CAC374001E9697 /* Main.storyboard */ = {isa = PBXFileReference; lastKnownFileType = file.storyboard; path = Main.storyboard; sourceTree = "<group>"; };
		A9D61E5226CAC3F3001E9697 /* BarcodeScannerDemoApp.app */ = {isa = PBXFileReference; explicitFileType = wrapper.application; includeInIndex = 0; path = BarcodeScannerDemoApp.app; sourceTree = BUILT_PRODUCTS_DIR; };
		A9D61E8026CAC6DC001E9697 /* Info.plist */ = {isa = PBXFileReference; fileEncoding = 4; lastKnownFileType = text.plist.xml; path = Info.plist; sourceTree = "<group>"; };
		A9EB92D326CACBAA00EE4AE4 /* SceneDelegate.swift */ = {isa = PBXFileReference; fileEncoding = 4; lastKnownFileType = sourcecode.swift; path = SceneDelegate.swift; sourceTree = "<group>"; };
		A9EB92D626CAD5D600EE4AE4 /* webview.html */ = {isa = PBXFileReference; fileEncoding = 4; lastKnownFileType = text.html; path = webview.html; sourceTree = "<group>"; };
		A9EB92E826CAE6C100EE4AE4 /* NimbusApp-Bridging-Header.h */ = {isa = PBXFileReference; fileEncoding = 4; lastKnownFileType = sourcecode.c.h; path = "NimbusApp-Bridging-Header.h"; sourceTree = "<group>"; };
		B6B2FDDF0DBCF96EAE6FD919 /* Pods-BarcodeScannerTests.debug.xcconfig */ = {isa = PBXFileReference; includeInIndex = 1; lastKnownFileType = text.xcconfig; name = "Pods-BarcodeScannerTests.debug.xcconfig"; path = "Target Support Files/Pods-BarcodeScannerTests/Pods-BarcodeScannerTests.debug.xcconfig"; sourceTree = "<group>"; };
		C4B4F712E0C778FF914A6CAA /* Pods_My_Pods_BarcodeScanner.framework */ = {isa = PBXFileReference; explicitFileType = wrapper.framework; includeInIndex = 0; path = Pods_My_Pods_BarcodeScanner.framework; sourceTree = BUILT_PRODUCTS_DIR; };
		C62F75059CA517F256618DCC /* Pods-BarcodeScannerDemoApp.release.xcconfig */ = {isa = PBXFileReference; includeInIndex = 1; lastKnownFileType = text.xcconfig; name = "Pods-BarcodeScannerDemoApp.release.xcconfig"; path = "Target Support Files/Pods-BarcodeScannerDemoApp/Pods-BarcodeScannerDemoApp.release.xcconfig"; sourceTree = "<group>"; };
		CCAC248524D9B43A00866C2E /* Scanner.app */ = {isa = PBXFileReference; explicitFileType = wrapper.application; includeInIndex = 0; path = Scanner.app; sourceTree = BUILT_PRODUCTS_DIR; };
		CCAC248724D9B43A00866C2E /* AppDelegate.swift */ = {isa = PBXFileReference; lastKnownFileType = sourcecode.swift; path = AppDelegate.swift; sourceTree = "<group>"; };
		CCAC248924D9B43A00866C2E /* SceneDelegate.swift */ = {isa = PBXFileReference; lastKnownFileType = sourcecode.swift; path = SceneDelegate.swift; sourceTree = "<group>"; };
		CCAC248B24D9B43A00866C2E /* ViewController.swift */ = {isa = PBXFileReference; lastKnownFileType = sourcecode.swift; path = ViewController.swift; sourceTree = "<group>"; };
		CCAC248E24D9B43A00866C2E /* Base */ = {isa = PBXFileReference; lastKnownFileType = file.storyboard; name = Base; path = Base.lproj/Main.storyboard; sourceTree = "<group>"; };
		CCAC249024D9B43B00866C2E /* Assets.xcassets */ = {isa = PBXFileReference; lastKnownFileType = folder.assetcatalog; path = Assets.xcassets; sourceTree = "<group>"; };
		CCAC249324D9B43B00866C2E /* Base */ = {isa = PBXFileReference; lastKnownFileType = file.storyboard; name = Base; path = Base.lproj/LaunchScreen.storyboard; sourceTree = "<group>"; };
		CCAC249524D9B43B00866C2E /* Info.plist */ = {isa = PBXFileReference; lastKnownFileType = text.plist.xml; path = Info.plist; sourceTree = "<group>"; };
		CCE1FFC424D36BAA00609E90 /* CameraService.swift */ = {isa = PBXFileReference; fileEncoding = 4; lastKnownFileType = sourcecode.swift; name = CameraService.swift; path = ../../Sources/NimbusPluginBarcodeScanner/CameraService.swift; sourceTree = "<group>"; };
		CCE1FFC524D36BAA00609E90 /* Barcode.swift */ = {isa = PBXFileReference; fileEncoding = 4; lastKnownFileType = sourcecode.swift; name = Barcode.swift; path = ../../Sources/NimbusPluginBarcodeScanner/Barcode.swift; sourceTree = "<group>"; };
		CCE1FFC624D36BAA00609E90 /* BarcodeScannerViewController.swift */ = {isa = PBXFileReference; fileEncoding = 4; lastKnownFileType = sourcecode.swift; name = BarcodeScannerViewController.swift; path = ../../Sources/NimbusPluginBarcodeScanner/BarcodeScannerViewController.swift; sourceTree = "<group>"; };
		CCE1FFC724D36BAA00609E90 /* BarcodeScannerFailure.swift */ = {isa = PBXFileReference; fileEncoding = 4; lastKnownFileType = sourcecode.swift; name = BarcodeScannerFailure.swift; path = ../../Sources/NimbusPluginBarcodeScanner/BarcodeScannerFailure.swift; sourceTree = "<group>"; };
		CCE1FFC824D36BAA00609E90 /* BarcodeScannerPlugin.swift */ = {isa = PBXFileReference; fileEncoding = 4; lastKnownFileType = sourcecode.swift; name = BarcodeScannerPlugin.swift; path = ../../Sources/NimbusPluginBarcodeScanner/BarcodeScannerPlugin.swift; sourceTree = "<group>"; };
		CCE2636224D31B7D00C50D82 /* BarcodeScanner.framework */ = {isa = PBXFileReference; explicitFileType = wrapper.framework; includeInIndex = 0; path = BarcodeScanner.framework; sourceTree = BUILT_PRODUCTS_DIR; };
		CCE2636524D31B7D00C50D82 /* BarcodeScanner.h */ = {isa = PBXFileReference; lastKnownFileType = sourcecode.c.h; path = BarcodeScanner.h; sourceTree = "<group>"; };
		CCE2636624D31B7D00C50D82 /* Info.plist */ = {isa = PBXFileReference; lastKnownFileType = text.plist.xml; path = Info.plist; sourceTree = "<group>"; };
		CCE2636B24D31B7D00C50D82 /* BarcodeScannerTests.xctest */ = {isa = PBXFileReference; explicitFileType = wrapper.cfbundle; includeInIndex = 0; path = BarcodeScannerTests.xctest; sourceTree = BUILT_PRODUCTS_DIR; };
		CCE2637024D31B7D00C50D82 /* BarcodeScannerTests.swift */ = {isa = PBXFileReference; lastKnownFileType = sourcecode.swift; path = BarcodeScannerTests.swift; sourceTree = "<group>"; };
		CCE2637224D31B7D00C50D82 /* Info.plist */ = {isa = PBXFileReference; lastKnownFileType = text.plist.xml; path = Info.plist; sourceTree = "<group>"; };
		D1DF308C8072E83938DD10EE /* Pods-My Pods-BarcodeScannerDemoApp.release.xcconfig */ = {isa = PBXFileReference; includeInIndex = 1; lastKnownFileType = text.xcconfig; name = "Pods-My Pods-BarcodeScannerDemoApp.release.xcconfig"; path = "Target Support Files/Pods-My Pods-BarcodeScannerDemoApp/Pods-My Pods-BarcodeScannerDemoApp.release.xcconfig"; sourceTree = "<group>"; };
		E1D7184B726F5F880DEBEDE9 /* Pods-BarcodeScannerDemoApp.debug.xcconfig */ = {isa = PBXFileReference; includeInIndex = 1; lastKnownFileType = text.xcconfig; name = "Pods-BarcodeScannerDemoApp.debug.xcconfig"; path = "Target Support Files/Pods-BarcodeScannerDemoApp/Pods-BarcodeScannerDemoApp.debug.xcconfig"; sourceTree = "<group>"; };
		F429E8A5822928ECEEEA3CAB /* Pods-My Pods-Scanner.debug.xcconfig */ = {isa = PBXFileReference; includeInIndex = 1; lastKnownFileType = text.xcconfig; name = "Pods-My Pods-Scanner.debug.xcconfig"; path = "Target Support Files/Pods-My Pods-Scanner/Pods-My Pods-Scanner.debug.xcconfig"; sourceTree = "<group>"; };
/* End PBXFileReference section */

/* Begin PBXFrameworksBuildPhase section */
		A9D61E4F26CAC3F3001E9697 /* Frameworks */ = {
			isa = PBXFrameworksBuildPhase;
			buildActionMask = 2147483647;
			files = (
				A90E64D026CAF38F00CE0D38 /* BarcodeScanner.framework in Frameworks */,
				883FDB1DC85FAAB1AE937E82 /* Pods_My_Pods_BarcodeScannerDemoApp.framework in Frameworks */,
			);
			runOnlyForDeploymentPostprocessing = 0;
		};
		CCAC248224D9B43A00866C2E /* Frameworks */ = {
			isa = PBXFrameworksBuildPhase;
			buildActionMask = 2147483647;
			files = (
				CC5CFCA824D9DDF3002BBF85 /* BarcodeScanner.framework in Frameworks */,
				BBA76E8DE6ADF49A68C89CE9 /* Pods_My_Pods_Scanner.framework in Frameworks */,
			);
			runOnlyForDeploymentPostprocessing = 0;
		};
		CCE2635F24D31B7D00C50D82 /* Frameworks */ = {
			isa = PBXFrameworksBuildPhase;
			buildActionMask = 2147483647;
			files = (
				673ECFF06196D2C17BF22BAD /* Pods_My_Pods_BarcodeScanner.framework in Frameworks */,
			);
			runOnlyForDeploymentPostprocessing = 0;
		};
		CCE2636824D31B7D00C50D82 /* Frameworks */ = {
			isa = PBXFrameworksBuildPhase;
			buildActionMask = 2147483647;
			files = (
				CCE2636C24D31B7D00C50D82 /* BarcodeScanner.framework in Frameworks */,
				5EFB60AF76940C6277A8BE6A /* Pods_BarcodeScannerTests.framework in Frameworks */,
			);
			runOnlyForDeploymentPostprocessing = 0;
		};
/* End PBXFrameworksBuildPhase section */

/* Begin PBXGroup section */
		A9D61E4826CAC1D8001E9697 /* DemoApp */ = {
			isa = PBXGroup;
			children = (
				A9EB92D526CAD5B600EE4AE4 /* Resources */,
				A9D61E4926CAC211001E9697 /* AppDelegate.swift */,
				A9EB92D326CACBAA00EE4AE4 /* SceneDelegate.swift */,
				A9D61E4B26CAC2D8001E9697 /* ViewController.swift */,
				A9D61E4D26CAC374001E9697 /* Main.storyboard */,
				A9EB92E826CAE6C100EE4AE4 /* NimbusApp-Bridging-Header.h */,
				A9D61E8026CAC6DC001E9697 /* Info.plist */,
			);
			path = DemoApp;
			sourceTree = "<group>";
		};
		A9EB92D526CAD5B600EE4AE4 /* Resources */ = {
			isa = PBXGroup;
			children = (
				A9EB92D626CAD5D600EE4AE4 /* webview.html */,
			);
			path = Resources;
			sourceTree = "<group>";
		};
		BB67898F631D6E8E6334EE76 /* Frameworks */ = {
			isa = PBXGroup;
			children = (
				75753546B3EF11F6FDBBBDDB /* Pods_BarcodeScannerTests.framework */,
				C4B4F712E0C778FF914A6CAA /* Pods_My_Pods_BarcodeScanner.framework */,
				3AB96258BC753DDB184B5BAE /* Pods_My_Pods_BarcodeScannerDemoApp.framework */,
				71E598E45F1EC2EDAFBE3CC6 /* Pods_My_Pods_Scanner.framework */,
			);
			name = Frameworks;
			sourceTree = "<group>";
		};
		CCAC248624D9B43A00866C2E /* Scanner */ = {
			isa = PBXGroup;
			children = (
				CCAC248724D9B43A00866C2E /* AppDelegate.swift */,
				CCAC248924D9B43A00866C2E /* SceneDelegate.swift */,
				CCAC248B24D9B43A00866C2E /* ViewController.swift */,
				CCAC248D24D9B43A00866C2E /* Main.storyboard */,
				CCAC249024D9B43B00866C2E /* Assets.xcassets */,
				CCAC249224D9B43B00866C2E /* LaunchScreen.storyboard */,
				CCAC249524D9B43B00866C2E /* Info.plist */,
			);
			path = Scanner;
			sourceTree = "<group>";
		};
		CCE2635824D31B7D00C50D82 = {
			isa = PBXGroup;
			children = (
				CCE2636424D31B7D00C50D82 /* BarcodeScanner */,
				A9D61E4826CAC1D8001E9697 /* DemoApp */,
				CCE2636F24D31B7D00C50D82 /* BarcodeScannerTests */,
				CCAC248624D9B43A00866C2E /* Scanner */,
				CCE2636324D31B7D00C50D82 /* Products */,
				FA09619285742D47E18557D3 /* Pods */,
				BB67898F631D6E8E6334EE76 /* Frameworks */,
			);
			sourceTree = "<group>";
		};
		CCE2636324D31B7D00C50D82 /* Products */ = {
			isa = PBXGroup;
			children = (
				CCE2636224D31B7D00C50D82 /* BarcodeScanner.framework */,
				CCE2636B24D31B7D00C50D82 /* BarcodeScannerTests.xctest */,
				CCAC248524D9B43A00866C2E /* Scanner.app */,
				A9D61E5226CAC3F3001E9697 /* BarcodeScannerDemoApp.app */,
			);
			name = Products;
			sourceTree = "<group>";
		};
		CCE2636424D31B7D00C50D82 /* BarcodeScanner */ = {
			isa = PBXGroup;
			children = (
				CCE1FFC524D36BAA00609E90 /* Barcode.swift */,
				CCE1FFC724D36BAA00609E90 /* BarcodeScannerFailure.swift */,
				CCE1FFC824D36BAA00609E90 /* BarcodeScannerPlugin.swift */,
				CCE1FFC624D36BAA00609E90 /* BarcodeScannerViewController.swift */,
				CCE1FFC424D36BAA00609E90 /* CameraService.swift */,
				CCE2636524D31B7D00C50D82 /* BarcodeScanner.h */,
				CCE2636624D31B7D00C50D82 /* Info.plist */,
			);
			path = BarcodeScanner;
			sourceTree = "<group>";
		};
		CCE2636F24D31B7D00C50D82 /* BarcodeScannerTests */ = {
			isa = PBXGroup;
			children = (
				CCE2637024D31B7D00C50D82 /* BarcodeScannerTests.swift */,
				CCE2637224D31B7D00C50D82 /* Info.plist */,
			);
			path = BarcodeScannerTests;
			sourceTree = "<group>";
		};
		FA09619285742D47E18557D3 /* Pods */ = {
			isa = PBXGroup;
			children = (
				B6B2FDDF0DBCF96EAE6FD919 /* Pods-BarcodeScannerTests.debug.xcconfig */,
				77F955110921714856C4F61B /* Pods-BarcodeScannerTests.release.xcconfig */,
				57498779F0A759BAD38C2068 /* Pods-My Pods-BarcodeScanner.debug.xcconfig */,
				481FB7CE2E476A784DDBF6B9 /* Pods-My Pods-BarcodeScanner.release.xcconfig */,
				30181D84098D7BAC52944ABC /* Pods-My Pods-BarcodeScannerDemoApp.debug.xcconfig */,
				D1DF308C8072E83938DD10EE /* Pods-My Pods-BarcodeScannerDemoApp.release.xcconfig */,
				F429E8A5822928ECEEEA3CAB /* Pods-My Pods-Scanner.debug.xcconfig */,
				3C74F6AA3E15CD7870B739E2 /* Pods-My Pods-Scanner.release.xcconfig */,
				E1D7184B726F5F880DEBEDE9 /* Pods-BarcodeScannerDemoApp.debug.xcconfig */,
				C62F75059CA517F256618DCC /* Pods-BarcodeScannerDemoApp.release.xcconfig */,
			);
			name = Pods;
			path = ../Pods;
			sourceTree = "<group>";
		};
/* End PBXGroup section */

/* Begin PBXHeadersBuildPhase section */
		CCE2635D24D31B7D00C50D82 /* Headers */ = {
			isa = PBXHeadersBuildPhase;
			buildActionMask = 2147483647;
			files = (
				CCE2637324D31B7D00C50D82 /* BarcodeScanner.h in Headers */,
			);
			runOnlyForDeploymentPostprocessing = 0;
		};
/* End PBXHeadersBuildPhase section */

/* Begin PBXNativeTarget section */
		A9D61E5126CAC3F3001E9697 /* BarcodeScannerDemoApp */ = {
			isa = PBXNativeTarget;
			buildConfigurationList = A9D61E7426CAC3F4001E9697 /* Build configuration list for PBXNativeTarget "BarcodeScannerDemoApp" */;
			buildPhases = (
				A6ADC4C0FD454B145C6E3DB5 /* [CP] Check Pods Manifest.lock */,
				A9D61E4E26CAC3F3001E9697 /* Sources */,
				A9D61E4F26CAC3F3001E9697 /* Frameworks */,
				A9D61E5026CAC3F3001E9697 /* Resources */,
				A9EB92E226CAD82700EE4AE4 /* CopyFiles */,
				C36CEB37B5A413E0A8826809 /* [CP] Embed Pods Frameworks */,
			);
			buildRules = (
			);
			dependencies = (
				A90E64CF26CAF37C00CE0D38 /* PBXTargetDependency */,
			);
			name = BarcodeScannerDemoApp;
			productName = BarcodeScannerDemoApp;
			productReference = A9D61E5226CAC3F3001E9697 /* BarcodeScannerDemoApp.app */;
			productType = "com.apple.product-type.application";
		};
		CCAC248424D9B43A00866C2E /* Scanner */ = {
			isa = PBXNativeTarget;
			buildConfigurationList = CCAC249824D9B43B00866C2E /* Build configuration list for PBXNativeTarget "Scanner" */;
			buildPhases = (
				E26D561CAFD1E1DCE7423EFD /* [CP] Check Pods Manifest.lock */,
				CCAC248124D9B43A00866C2E /* Sources */,
				CCAC248224D9B43A00866C2E /* Frameworks */,
				CCAC248324D9B43A00866C2E /* Resources */,
				CC5CFCA324D9DDA1002BBF85 /* Embed Frameworks */,
				1C588321442C6F4B79E87EB1 /* [CP] Embed Pods Frameworks */,
			);
			buildRules = (
			);
			dependencies = (
				CCAC249A24D9B44F00866C2E /* PBXTargetDependency */,
			);
			name = Scanner;
			productName = Scanner;
			productReference = CCAC248524D9B43A00866C2E /* Scanner.app */;
			productType = "com.apple.product-type.application";
		};
		CCE2636124D31B7D00C50D82 /* BarcodeScanner */ = {
			isa = PBXNativeTarget;
			buildConfigurationList = CCE2637624D31B7D00C50D82 /* Build configuration list for PBXNativeTarget "BarcodeScanner" */;
			buildPhases = (
				EB768983FF6B03ED6B2D6732 /* [CP] Check Pods Manifest.lock */,
				CCE2635D24D31B7D00C50D82 /* Headers */,
				CCE2635E24D31B7D00C50D82 /* Sources */,
				CCE2635F24D31B7D00C50D82 /* Frameworks */,
				CCE2636024D31B7D00C50D82 /* Resources */,
			);
			buildRules = (
			);
			dependencies = (
			);
			name = BarcodeScanner;
			productName = BarcodeScanner;
			productReference = CCE2636224D31B7D00C50D82 /* BarcodeScanner.framework */;
			productType = "com.apple.product-type.framework";
		};
		CCE2636A24D31B7D00C50D82 /* BarcodeScannerTests */ = {
			isa = PBXNativeTarget;
			buildConfigurationList = CCE2637924D31B7D00C50D82 /* Build configuration list for PBXNativeTarget "BarcodeScannerTests" */;
			buildPhases = (
				F0EFEA47C686BB66893B1C38 /* [CP] Check Pods Manifest.lock */,
				CCE2636724D31B7D00C50D82 /* Sources */,
				CCE2636824D31B7D00C50D82 /* Frameworks */,
				CCE2636924D31B7D00C50D82 /* Resources */,
				E73F11B9B755F6AFEAE65DE4 /* [CP] Embed Pods Frameworks */,
			);
			buildRules = (
			);
			dependencies = (
				CCE2636E24D31B7D00C50D82 /* PBXTargetDependency */,
			);
			name = BarcodeScannerTests;
			productName = BarcodeScannerTests;
			productReference = CCE2636B24D31B7D00C50D82 /* BarcodeScannerTests.xctest */;
			productType = "com.apple.product-type.bundle.unit-test";
		};
/* End PBXNativeTarget section */

/* Begin PBXProject section */
		CCE2635924D31B7D00C50D82 /* Project object */ = {
			isa = PBXProject;
			attributes = {
				LastSwiftUpdateCheck = 1250;
				LastUpgradeCheck = 1150;
				ORGANIZATIONNAME = Salesforce;
				TargetAttributes = {
					A9D61E5126CAC3F3001E9697 = {
						CreatedOnToolsVersion = 12.5.1;
					};
					CCAC248424D9B43A00866C2E = {
						CreatedOnToolsVersion = 11.6;
					};
					CCE2636124D31B7D00C50D82 = {
						CreatedOnToolsVersion = 11.5;
						LastSwiftMigration = 1150;
					};
					CCE2636A24D31B7D00C50D82 = {
						CreatedOnToolsVersion = 11.5;
					};
				};
			};
			buildConfigurationList = CCE2635C24D31B7D00C50D82 /* Build configuration list for PBXProject "BarcodeScanner" */;
			compatibilityVersion = "Xcode 9.3";
			developmentRegion = en;
			hasScannedForEncodings = 0;
			knownRegions = (
				en,
				Base,
			);
			mainGroup = CCE2635824D31B7D00C50D82;
			productRefGroup = CCE2636324D31B7D00C50D82 /* Products */;
			projectDirPath = "";
			projectRoot = "";
			targets = (
				CCE2636124D31B7D00C50D82 /* BarcodeScanner */,
				CCE2636A24D31B7D00C50D82 /* BarcodeScannerTests */,
				CCAC248424D9B43A00866C2E /* Scanner */,
				A9D61E5126CAC3F3001E9697 /* BarcodeScannerDemoApp */,
			);
		};
/* End PBXProject section */

/* Begin PBXResourcesBuildPhase section */
		A9D61E5026CAC3F3001E9697 /* Resources */ = {
			isa = PBXResourcesBuildPhase;
			buildActionMask = 2147483647;
			files = (
				A9EB92D726CAD5D600EE4AE4 /* webview.html in Resources */,
				A9D61E7D26CAC4D2001E9697 /* Main.storyboard in Resources */,
			);
			runOnlyForDeploymentPostprocessing = 0;
		};
		CCAC248324D9B43A00866C2E /* Resources */ = {
			isa = PBXResourcesBuildPhase;
			buildActionMask = 2147483647;
			files = (
				CCAC249424D9B43B00866C2E /* LaunchScreen.storyboard in Resources */,
				CCAC249124D9B43B00866C2E /* Assets.xcassets in Resources */,
				CCAC248F24D9B43A00866C2E /* Main.storyboard in Resources */,
			);
			runOnlyForDeploymentPostprocessing = 0;
		};
		CCE2636024D31B7D00C50D82 /* Resources */ = {
			isa = PBXResourcesBuildPhase;
			buildActionMask = 2147483647;
			files = (
			);
			runOnlyForDeploymentPostprocessing = 0;
		};
		CCE2636924D31B7D00C50D82 /* Resources */ = {
			isa = PBXResourcesBuildPhase;
			buildActionMask = 2147483647;
			files = (
			);
			runOnlyForDeploymentPostprocessing = 0;
		};
/* End PBXResourcesBuildPhase section */

/* Begin PBXShellScriptBuildPhase section */
		1C588321442C6F4B79E87EB1 /* [CP] Embed Pods Frameworks */ = {
			isa = PBXShellScriptBuildPhase;
			buildActionMask = 2147483647;
			files = (
			);
			inputFileListPaths = (
				"${PODS_ROOT}/Target Support Files/Pods-My Pods-Scanner/Pods-My Pods-Scanner-frameworks-${CONFIGURATION}-input-files.xcfilelist",
			);
			name = "[CP] Embed Pods Frameworks";
			outputFileListPaths = (
				"${PODS_ROOT}/Target Support Files/Pods-My Pods-Scanner/Pods-My Pods-Scanner-frameworks-${CONFIGURATION}-output-files.xcfilelist",
			);
			runOnlyForDeploymentPostprocessing = 0;
			shellPath = /bin/sh;
			shellScript = "\"${PODS_ROOT}/Target Support Files/Pods-My Pods-Scanner/Pods-My Pods-Scanner-frameworks.sh\"\n";
			showEnvVarsInLog = 0;
		};
		A6ADC4C0FD454B145C6E3DB5 /* [CP] Check Pods Manifest.lock */ = {
			isa = PBXShellScriptBuildPhase;
			buildActionMask = 2147483647;
			files = (
			);
			inputFileListPaths = (
			);
			inputPaths = (
				"${PODS_PODFILE_DIR_PATH}/Podfile.lock",
				"${PODS_ROOT}/Manifest.lock",
			);
			name = "[CP] Check Pods Manifest.lock";
			outputFileListPaths = (
			);
			outputPaths = (
				"$(DERIVED_FILE_DIR)/Pods-My Pods-BarcodeScannerDemoApp-checkManifestLockResult.txt",
			);
			runOnlyForDeploymentPostprocessing = 0;
			shellPath = /bin/sh;
			shellScript = "diff \"${PODS_PODFILE_DIR_PATH}/Podfile.lock\" \"${PODS_ROOT}/Manifest.lock\" > /dev/null\nif [ $? != 0 ] ; then\n    # print error to STDERR\n    echo \"error: The sandbox is not in sync with the Podfile.lock. Run 'pod install' or update your CocoaPods installation.\" >&2\n    exit 1\nfi\n# This output is used by Xcode 'outputs' to avoid re-running this script phase.\necho \"SUCCESS\" > \"${SCRIPT_OUTPUT_FILE_0}\"\n";
			showEnvVarsInLog = 0;
		};
		C36CEB37B5A413E0A8826809 /* [CP] Embed Pods Frameworks */ = {
			isa = PBXShellScriptBuildPhase;
			buildActionMask = 2147483647;
			files = (
			);
			inputFileListPaths = (
				"${PODS_ROOT}/Target Support Files/Pods-My Pods-BarcodeScannerDemoApp/Pods-My Pods-BarcodeScannerDemoApp-frameworks-${CONFIGURATION}-input-files.xcfilelist",
			);
			name = "[CP] Embed Pods Frameworks";
			outputFileListPaths = (
				"${PODS_ROOT}/Target Support Files/Pods-My Pods-BarcodeScannerDemoApp/Pods-My Pods-BarcodeScannerDemoApp-frameworks-${CONFIGURATION}-output-files.xcfilelist",
			);
			runOnlyForDeploymentPostprocessing = 0;
			shellPath = /bin/sh;
			shellScript = "\"${PODS_ROOT}/Target Support Files/Pods-My Pods-BarcodeScannerDemoApp/Pods-My Pods-BarcodeScannerDemoApp-frameworks.sh\"\n";
			showEnvVarsInLog = 0;
		};
		E26D561CAFD1E1DCE7423EFD /* [CP] Check Pods Manifest.lock */ = {
			isa = PBXShellScriptBuildPhase;
			buildActionMask = 2147483647;
			files = (
			);
			inputFileListPaths = (
			);
			inputPaths = (
				"${PODS_PODFILE_DIR_PATH}/Podfile.lock",
				"${PODS_ROOT}/Manifest.lock",
			);
			name = "[CP] Check Pods Manifest.lock";
			outputFileListPaths = (
			);
			outputPaths = (
				"$(DERIVED_FILE_DIR)/Pods-My Pods-Scanner-checkManifestLockResult.txt",
			);
			runOnlyForDeploymentPostprocessing = 0;
			shellPath = /bin/sh;
			shellScript = "diff \"${PODS_PODFILE_DIR_PATH}/Podfile.lock\" \"${PODS_ROOT}/Manifest.lock\" > /dev/null\nif [ $? != 0 ] ; then\n    # print error to STDERR\n    echo \"error: The sandbox is not in sync with the Podfile.lock. Run 'pod install' or update your CocoaPods installation.\" >&2\n    exit 1\nfi\n# This output is used by Xcode 'outputs' to avoid re-running this script phase.\necho \"SUCCESS\" > \"${SCRIPT_OUTPUT_FILE_0}\"\n";
			showEnvVarsInLog = 0;
		};
		E73F11B9B755F6AFEAE65DE4 /* [CP] Embed Pods Frameworks */ = {
			isa = PBXShellScriptBuildPhase;
			buildActionMask = 2147483647;
			files = (
			);
			inputFileListPaths = (
				"${PODS_ROOT}/Target Support Files/Pods-BarcodeScannerTests/Pods-BarcodeScannerTests-frameworks-${CONFIGURATION}-input-files.xcfilelist",
			);
			name = "[CP] Embed Pods Frameworks";
			outputFileListPaths = (
				"${PODS_ROOT}/Target Support Files/Pods-BarcodeScannerTests/Pods-BarcodeScannerTests-frameworks-${CONFIGURATION}-output-files.xcfilelist",
			);
			runOnlyForDeploymentPostprocessing = 0;
			shellPath = /bin/sh;
			shellScript = "\"${PODS_ROOT}/Target Support Files/Pods-BarcodeScannerTests/Pods-BarcodeScannerTests-frameworks.sh\"\n";
			showEnvVarsInLog = 0;
		};
		EB768983FF6B03ED6B2D6732 /* [CP] Check Pods Manifest.lock */ = {
			isa = PBXShellScriptBuildPhase;
			buildActionMask = 2147483647;
			files = (
			);
			inputFileListPaths = (
			);
			inputPaths = (
				"${PODS_PODFILE_DIR_PATH}/Podfile.lock",
				"${PODS_ROOT}/Manifest.lock",
			);
			name = "[CP] Check Pods Manifest.lock";
			outputFileListPaths = (
			);
			outputPaths = (
				"$(DERIVED_FILE_DIR)/Pods-My Pods-BarcodeScanner-checkManifestLockResult.txt",
			);
			runOnlyForDeploymentPostprocessing = 0;
			shellPath = /bin/sh;
			shellScript = "diff \"${PODS_PODFILE_DIR_PATH}/Podfile.lock\" \"${PODS_ROOT}/Manifest.lock\" > /dev/null\nif [ $? != 0 ] ; then\n    # print error to STDERR\n    echo \"error: The sandbox is not in sync with the Podfile.lock. Run 'pod install' or update your CocoaPods installation.\" >&2\n    exit 1\nfi\n# This output is used by Xcode 'outputs' to avoid re-running this script phase.\necho \"SUCCESS\" > \"${SCRIPT_OUTPUT_FILE_0}\"\n";
			showEnvVarsInLog = 0;
		};
		F0EFEA47C686BB66893B1C38 /* [CP] Check Pods Manifest.lock */ = {
			isa = PBXShellScriptBuildPhase;
			buildActionMask = 2147483647;
			files = (
			);
			inputFileListPaths = (
			);
			inputPaths = (
				"${PODS_PODFILE_DIR_PATH}/Podfile.lock",
				"${PODS_ROOT}/Manifest.lock",
			);
			name = "[CP] Check Pods Manifest.lock";
			outputFileListPaths = (
			);
			outputPaths = (
				"$(DERIVED_FILE_DIR)/Pods-BarcodeScannerTests-checkManifestLockResult.txt",
			);
			runOnlyForDeploymentPostprocessing = 0;
			shellPath = /bin/sh;
			shellScript = "diff \"${PODS_PODFILE_DIR_PATH}/Podfile.lock\" \"${PODS_ROOT}/Manifest.lock\" > /dev/null\nif [ $? != 0 ] ; then\n    # print error to STDERR\n    echo \"error: The sandbox is not in sync with the Podfile.lock. Run 'pod install' or update your CocoaPods installation.\" >&2\n    exit 1\nfi\n# This output is used by Xcode 'outputs' to avoid re-running this script phase.\necho \"SUCCESS\" > \"${SCRIPT_OUTPUT_FILE_0}\"\n";
			showEnvVarsInLog = 0;
		};
/* End PBXShellScriptBuildPhase section */

/* Begin PBXSourcesBuildPhase section */
		A9D61E4E26CAC3F3001E9697 /* Sources */ = {
			isa = PBXSourcesBuildPhase;
			buildActionMask = 2147483647;
			files = (
				A9D61E7F26CAC4E6001E9697 /* AppDelegate.swift in Sources */,
				A9D61E7E26CAC4DC001E9697 /* ViewController.swift in Sources */,
				A9EB92D426CACBAA00EE4AE4 /* SceneDelegate.swift in Sources */,
			);
			runOnlyForDeploymentPostprocessing = 0;
		};
		CCAC248124D9B43A00866C2E /* Sources */ = {
			isa = PBXSourcesBuildPhase;
			buildActionMask = 2147483647;
			files = (
				CCAC248C24D9B43A00866C2E /* ViewController.swift in Sources */,
				CCAC248824D9B43A00866C2E /* AppDelegate.swift in Sources */,
				CCAC248A24D9B43A00866C2E /* SceneDelegate.swift in Sources */,
			);
			runOnlyForDeploymentPostprocessing = 0;
		};
		CCE2635E24D31B7D00C50D82 /* Sources */ = {
			isa = PBXSourcesBuildPhase;
			buildActionMask = 2147483647;
			files = (
				CCE1FFCC24D36BAA00609E90 /* BarcodeScannerFailure.swift in Sources */,
				CCE1FFCA24D36BAA00609E90 /* Barcode.swift in Sources */,
				CCE1FFCD24D36BAA00609E90 /* BarcodeScannerPlugin.swift in Sources */,
				CCE1FFC924D36BAA00609E90 /* CameraService.swift in Sources */,
				CCE1FFCB24D36BAA00609E90 /* BarcodeScannerViewController.swift in Sources */,
			);
			runOnlyForDeploymentPostprocessing = 0;
		};
		CCE2636724D31B7D00C50D82 /* Sources */ = {
			isa = PBXSourcesBuildPhase;
			buildActionMask = 2147483647;
			files = (
				CCE2637124D31B7D00C50D82 /* BarcodeScannerTests.swift in Sources */,
			);
			runOnlyForDeploymentPostprocessing = 0;
		};
/* End PBXSourcesBuildPhase section */

/* Begin PBXTargetDependency section */
		A90E64CF26CAF37C00CE0D38 /* PBXTargetDependency */ = {
			isa = PBXTargetDependency;
			target = CCE2636124D31B7D00C50D82 /* BarcodeScanner */;
			targetProxy = A90E64CE26CAF37C00CE0D38 /* PBXContainerItemProxy */;
		};
		CCAC249A24D9B44F00866C2E /* PBXTargetDependency */ = {
			isa = PBXTargetDependency;
			target = CCE2636124D31B7D00C50D82 /* BarcodeScanner */;
			targetProxy = CCAC249924D9B44F00866C2E /* PBXContainerItemProxy */;
		};
		CCE2636E24D31B7D00C50D82 /* PBXTargetDependency */ = {
			isa = PBXTargetDependency;
			target = CCE2636124D31B7D00C50D82 /* BarcodeScanner */;
			targetProxy = CCE2636D24D31B7D00C50D82 /* PBXContainerItemProxy */;
		};
/* End PBXTargetDependency section */

/* Begin PBXVariantGroup section */
		CCAC248D24D9B43A00866C2E /* Main.storyboard */ = {
			isa = PBXVariantGroup;
			children = (
				CCAC248E24D9B43A00866C2E /* Base */,
			);
			name = Main.storyboard;
			sourceTree = "<group>";
		};
		CCAC249224D9B43B00866C2E /* LaunchScreen.storyboard */ = {
			isa = PBXVariantGroup;
			children = (
				CCAC249324D9B43B00866C2E /* Base */,
			);
			name = LaunchScreen.storyboard;
			sourceTree = "<group>";
		};
/* End PBXVariantGroup section */

/* Begin XCBuildConfiguration section */
		A9D61E7526CAC3F4001E9697 /* Debug */ = {
			isa = XCBuildConfiguration;
			baseConfigurationReference = 30181D84098D7BAC52944ABC /* Pods-My Pods-BarcodeScannerDemoApp.debug.xcconfig */;
			buildSettings = {
				ASSETCATALOG_COMPILER_APPICON_NAME = AppIcon;
				ASSETCATALOG_COMPILER_GLOBAL_ACCENT_COLOR_NAME = AccentColor;
				CLANG_WARN_QUOTED_INCLUDE_IN_FRAMEWORK_HEADER = YES;
				CODE_SIGN_STYLE = Automatic;
				DEVELOPMENT_TEAM = 66WDQ55TV6;
				INFOPLIST_FILE = DemoApp/Info.plist;
				IPHONEOS_DEPLOYMENT_TARGET = 14.5;
				LD_RUNPATH_SEARCH_PATHS = (
					"$(inherited)",
					"@executable_path/Frameworks",
				);
				PRODUCT_BUNDLE_IDENTIFIER = com.salesforce.BarcodeScannerDemoApp;
				PRODUCT_NAME = "$(TARGET_NAME)";
				SWIFT_VERSION = 5.0;
				TARGETED_DEVICE_FAMILY = 1;
			};
			name = Debug;
		};
		A9D61E7626CAC3F4001E9697 /* Release */ = {
			isa = XCBuildConfiguration;
			baseConfigurationReference = D1DF308C8072E83938DD10EE /* Pods-My Pods-BarcodeScannerDemoApp.release.xcconfig */;
			buildSettings = {
				ASSETCATALOG_COMPILER_APPICON_NAME = AppIcon;
				ASSETCATALOG_COMPILER_GLOBAL_ACCENT_COLOR_NAME = AccentColor;
				CLANG_WARN_QUOTED_INCLUDE_IN_FRAMEWORK_HEADER = YES;
				CODE_SIGN_STYLE = Automatic;
				DEVELOPMENT_TEAM = 66WDQ55TV6;
				INFOPLIST_FILE = DemoApp/Info.plist;
				IPHONEOS_DEPLOYMENT_TARGET = 14.5;
				LD_RUNPATH_SEARCH_PATHS = (
					"$(inherited)",
					"@executable_path/Frameworks",
				);
				PRODUCT_BUNDLE_IDENTIFIER = com.salesforce.BarcodeScannerDemoApp;
				PRODUCT_NAME = "$(TARGET_NAME)";
				SWIFT_VERSION = 5.0;
				TARGETED_DEVICE_FAMILY = 1;
			};
			name = Release;
		};
		CCAC249624D9B43B00866C2E /* Debug */ = {
			isa = XCBuildConfiguration;
			baseConfigurationReference = F429E8A5822928ECEEEA3CAB /* Pods-My Pods-Scanner.debug.xcconfig */;
			buildSettings = {
				ASSETCATALOG_COMPILER_APPICON_NAME = AppIcon;
				CODE_SIGN_STYLE = Automatic;
				DEVELOPMENT_TEAM = 66WDQ55TV6;
				INFOPLIST_FILE = Scanner/Info.plist;
				IPHONEOS_DEPLOYMENT_TARGET = 13.6;
				LD_RUNPATH_SEARCH_PATHS = (
					"$(inherited)",
					"@executable_path/Frameworks",
				);
				PRODUCT_BUNDLE_IDENTIFIER = com.salesforce.Scannerpvd;
				PRODUCT_NAME = "$(TARGET_NAME)";
				SWIFT_VERSION = 5.0;
				TARGETED_DEVICE_FAMILY = "1,2";
			};
			name = Debug;
		};
		CCAC249724D9B43B00866C2E /* Release */ = {
			isa = XCBuildConfiguration;
			baseConfigurationReference = 3C74F6AA3E15CD7870B739E2 /* Pods-My Pods-Scanner.release.xcconfig */;
			buildSettings = {
				ASSETCATALOG_COMPILER_APPICON_NAME = AppIcon;
				CODE_SIGN_STYLE = Automatic;
				DEVELOPMENT_TEAM = 66WDQ55TV6;
				INFOPLIST_FILE = Scanner/Info.plist;
				IPHONEOS_DEPLOYMENT_TARGET = 13.6;
				LD_RUNPATH_SEARCH_PATHS = (
					"$(inherited)",
					"@executable_path/Frameworks",
				);
				PRODUCT_BUNDLE_IDENTIFIER = com.salesforce.Scannerpvd;
				PRODUCT_NAME = "$(TARGET_NAME)";
				SWIFT_VERSION = 5.0;
				TARGETED_DEVICE_FAMILY = "1,2";
			};
			name = Release;
		};
		CCE2637424D31B7D00C50D82 /* Debug */ = {
			isa = XCBuildConfiguration;
			buildSettings = {
				ALWAYS_SEARCH_USER_PATHS = NO;
				CLANG_ANALYZER_NONNULL = YES;
				CLANG_ANALYZER_NUMBER_OBJECT_CONVERSION = YES_AGGRESSIVE;
				CLANG_CXX_LANGUAGE_STANDARD = "gnu++14";
				CLANG_CXX_LIBRARY = "libc++";
				CLANG_ENABLE_MODULES = YES;
				CLANG_ENABLE_OBJC_ARC = YES;
				CLANG_ENABLE_OBJC_WEAK = YES;
				CLANG_WARN_BLOCK_CAPTURE_AUTORELEASING = YES;
				CLANG_WARN_BOOL_CONVERSION = YES;
				CLANG_WARN_COMMA = YES;
				CLANG_WARN_CONSTANT_CONVERSION = YES;
				CLANG_WARN_DEPRECATED_OBJC_IMPLEMENTATIONS = YES;
				CLANG_WARN_DIRECT_OBJC_ISA_USAGE = YES_ERROR;
				CLANG_WARN_DOCUMENTATION_COMMENTS = YES;
				CLANG_WARN_EMPTY_BODY = YES;
				CLANG_WARN_ENUM_CONVERSION = YES;
				CLANG_WARN_INFINITE_RECURSION = YES;
				CLANG_WARN_INT_CONVERSION = YES;
				CLANG_WARN_NON_LITERAL_NULL_CONVERSION = YES;
				CLANG_WARN_OBJC_IMPLICIT_RETAIN_SELF = YES;
				CLANG_WARN_OBJC_LITERAL_CONVERSION = YES;
				CLANG_WARN_OBJC_ROOT_CLASS = YES_ERROR;
				CLANG_WARN_RANGE_LOOP_ANALYSIS = YES;
				CLANG_WARN_STRICT_PROTOTYPES = YES;
				CLANG_WARN_SUSPICIOUS_MOVE = YES;
				CLANG_WARN_UNGUARDED_AVAILABILITY = YES_AGGRESSIVE;
				CLANG_WARN_UNREACHABLE_CODE = YES;
				CLANG_WARN__DUPLICATE_METHOD_MATCH = YES;
				COPY_PHASE_STRIP = NO;
				CURRENT_PROJECT_VERSION = 1;
				DEBUG_INFORMATION_FORMAT = dwarf;
				ENABLE_STRICT_OBJC_MSGSEND = YES;
				ENABLE_TESTABILITY = YES;
				GCC_C_LANGUAGE_STANDARD = gnu11;
				GCC_DYNAMIC_NO_PIC = NO;
				GCC_NO_COMMON_BLOCKS = YES;
				GCC_OPTIMIZATION_LEVEL = 0;
				GCC_PREPROCESSOR_DEFINITIONS = (
					"DEBUG=1",
					"$(inherited)",
				);
				GCC_WARN_64_TO_32_BIT_CONVERSION = YES;
				GCC_WARN_ABOUT_RETURN_TYPE = YES_ERROR;
				GCC_WARN_UNDECLARED_SELECTOR = YES;
				GCC_WARN_UNINITIALIZED_AUTOS = YES_AGGRESSIVE;
				GCC_WARN_UNUSED_FUNCTION = YES;
				GCC_WARN_UNUSED_VARIABLE = YES;
				IPHONEOS_DEPLOYMENT_TARGET = 13.5;
				MTL_ENABLE_DEBUG_INFO = INCLUDE_SOURCE;
				MTL_FAST_MATH = YES;
				ONLY_ACTIVE_ARCH = YES;
				SDKROOT = iphoneos;
				SWIFT_ACTIVE_COMPILATION_CONDITIONS = DEBUG;
				SWIFT_OPTIMIZATION_LEVEL = "-Onone";
				VERSIONING_SYSTEM = "apple-generic";
				VERSION_INFO_PREFIX = "";
			};
			name = Debug;
		};
		CCE2637524D31B7D00C50D82 /* Release */ = {
			isa = XCBuildConfiguration;
			buildSettings = {
				ALWAYS_SEARCH_USER_PATHS = NO;
				CLANG_ANALYZER_NONNULL = YES;
				CLANG_ANALYZER_NUMBER_OBJECT_CONVERSION = YES_AGGRESSIVE;
				CLANG_CXX_LANGUAGE_STANDARD = "gnu++14";
				CLANG_CXX_LIBRARY = "libc++";
				CLANG_ENABLE_MODULES = YES;
				CLANG_ENABLE_OBJC_ARC = YES;
				CLANG_ENABLE_OBJC_WEAK = YES;
				CLANG_WARN_BLOCK_CAPTURE_AUTORELEASING = YES;
				CLANG_WARN_BOOL_CONVERSION = YES;
				CLANG_WARN_COMMA = YES;
				CLANG_WARN_CONSTANT_CONVERSION = YES;
				CLANG_WARN_DEPRECATED_OBJC_IMPLEMENTATIONS = YES;
				CLANG_WARN_DIRECT_OBJC_ISA_USAGE = YES_ERROR;
				CLANG_WARN_DOCUMENTATION_COMMENTS = YES;
				CLANG_WARN_EMPTY_BODY = YES;
				CLANG_WARN_ENUM_CONVERSION = YES;
				CLANG_WARN_INFINITE_RECURSION = YES;
				CLANG_WARN_INT_CONVERSION = YES;
				CLANG_WARN_NON_LITERAL_NULL_CONVERSION = YES;
				CLANG_WARN_OBJC_IMPLICIT_RETAIN_SELF = YES;
				CLANG_WARN_OBJC_LITERAL_CONVERSION = YES;
				CLANG_WARN_OBJC_ROOT_CLASS = YES_ERROR;
				CLANG_WARN_RANGE_LOOP_ANALYSIS = YES;
				CLANG_WARN_STRICT_PROTOTYPES = YES;
				CLANG_WARN_SUSPICIOUS_MOVE = YES;
				CLANG_WARN_UNGUARDED_AVAILABILITY = YES_AGGRESSIVE;
				CLANG_WARN_UNREACHABLE_CODE = YES;
				CLANG_WARN__DUPLICATE_METHOD_MATCH = YES;
				COPY_PHASE_STRIP = NO;
				CURRENT_PROJECT_VERSION = 1;
				DEBUG_INFORMATION_FORMAT = "dwarf-with-dsym";
				ENABLE_NS_ASSERTIONS = NO;
				ENABLE_STRICT_OBJC_MSGSEND = YES;
				GCC_C_LANGUAGE_STANDARD = gnu11;
				GCC_NO_COMMON_BLOCKS = YES;
				GCC_WARN_64_TO_32_BIT_CONVERSION = YES;
				GCC_WARN_ABOUT_RETURN_TYPE = YES_ERROR;
				GCC_WARN_UNDECLARED_SELECTOR = YES;
				GCC_WARN_UNINITIALIZED_AUTOS = YES_AGGRESSIVE;
				GCC_WARN_UNUSED_FUNCTION = YES;
				GCC_WARN_UNUSED_VARIABLE = YES;
				IPHONEOS_DEPLOYMENT_TARGET = 13.5;
				MTL_ENABLE_DEBUG_INFO = NO;
				MTL_FAST_MATH = YES;
				SDKROOT = iphoneos;
				SWIFT_COMPILATION_MODE = wholemodule;
				SWIFT_OPTIMIZATION_LEVEL = "-O";
				VALIDATE_PRODUCT = YES;
				VERSIONING_SYSTEM = "apple-generic";
				VERSION_INFO_PREFIX = "";
			};
			name = Release;
		};
		CCE2637724D31B7D00C50D82 /* Debug */ = {
			isa = XCBuildConfiguration;
			baseConfigurationReference = 57498779F0A759BAD38C2068 /* Pods-My Pods-BarcodeScanner.debug.xcconfig */;
			buildSettings = {
				CLANG_ENABLE_MODULES = YES;
				CODE_SIGN_IDENTITY = "Apple Development";
				CODE_SIGN_STYLE = Automatic;
				DEFINES_MODULE = YES;
				DEVELOPMENT_TEAM = "";
				DYLIB_COMPATIBILITY_VERSION = 1;
				DYLIB_CURRENT_VERSION = 1;
				DYLIB_INSTALL_NAME_BASE = "@rpath";
				INFOPLIST_FILE = BarcodeScanner/Info.plist;
				INSTALL_PATH = "$(LOCAL_LIBRARY_DIR)/Frameworks";
				LD_RUNPATH_SEARCH_PATHS = (
					"$(inherited)",
					"@executable_path/Frameworks",
					"@loader_path/Frameworks",
				);
				PRODUCT_BUNDLE_IDENTIFIER = com.salesforce.BarcodeScanner;
				PRODUCT_NAME = "$(TARGET_NAME:c99extidentifier)";
				SKIP_INSTALL = YES;
				SWIFT_OPTIMIZATION_LEVEL = "-Onone";
				SWIFT_VERSION = 5.0;
				TARGETED_DEVICE_FAMILY = "1,2";
			};
			name = Debug;
		};
		CCE2637824D31B7D00C50D82 /* Release */ = {
			isa = XCBuildConfiguration;
			baseConfigurationReference = 481FB7CE2E476A784DDBF6B9 /* Pods-My Pods-BarcodeScanner.release.xcconfig */;
			buildSettings = {
				CLANG_ENABLE_MODULES = YES;
				CODE_SIGN_IDENTITY = "Apple Development";
				CODE_SIGN_STYLE = Automatic;
				DEFINES_MODULE = YES;
				DEVELOPMENT_TEAM = "";
				DYLIB_COMPATIBILITY_VERSION = 1;
				DYLIB_CURRENT_VERSION = 1;
				DYLIB_INSTALL_NAME_BASE = "@rpath";
				INFOPLIST_FILE = BarcodeScanner/Info.plist;
				INSTALL_PATH = "$(LOCAL_LIBRARY_DIR)/Frameworks";
				LD_RUNPATH_SEARCH_PATHS = (
					"$(inherited)",
					"@executable_path/Frameworks",
					"@loader_path/Frameworks",
				);
				PRODUCT_BUNDLE_IDENTIFIER = com.salesforce.BarcodeScanner;
				PRODUCT_NAME = "$(TARGET_NAME:c99extidentifier)";
				SKIP_INSTALL = YES;
				SWIFT_VERSION = 5.0;
				TARGETED_DEVICE_FAMILY = "1,2";
			};
			name = Release;
		};
		CCE2637A24D31B7D00C50D82 /* Debug */ = {
			isa = XCBuildConfiguration;
			baseConfigurationReference = B6B2FDDF0DBCF96EAE6FD919 /* Pods-BarcodeScannerTests.debug.xcconfig */;
			buildSettings = {
				ALWAYS_EMBED_SWIFT_STANDARD_LIBRARIES = YES;
				CODE_SIGN_STYLE = Automatic;
				INFOPLIST_FILE = BarcodeScannerTests/Info.plist;
				LD_RUNPATH_SEARCH_PATHS = (
					"$(inherited)",
					"@executable_path/Frameworks",
					"@loader_path/Frameworks",
				);
				PRODUCT_BUNDLE_IDENTIFIER = com.salesforce.BarcodeScannerTests;
				PRODUCT_NAME = "$(TARGET_NAME)";
				SWIFT_VERSION = 5.0;
				TARGETED_DEVICE_FAMILY = "1,2";
			};
			name = Debug;
		};
		CCE2637B24D31B7D00C50D82 /* Release */ = {
			isa = XCBuildConfiguration;
			baseConfigurationReference = 77F955110921714856C4F61B /* Pods-BarcodeScannerTests.release.xcconfig */;
			buildSettings = {
				ALWAYS_EMBED_SWIFT_STANDARD_LIBRARIES = YES;
				CODE_SIGN_STYLE = Automatic;
				INFOPLIST_FILE = BarcodeScannerTests/Info.plist;
				LD_RUNPATH_SEARCH_PATHS = (
					"$(inherited)",
					"@executable_path/Frameworks",
					"@loader_path/Frameworks",
				);
				PRODUCT_BUNDLE_IDENTIFIER = com.salesforce.BarcodeScannerTests;
				PRODUCT_NAME = "$(TARGET_NAME)";
				SWIFT_VERSION = 5.0;
				TARGETED_DEVICE_FAMILY = "1,2";
			};
			name = Release;
		};
/* End XCBuildConfiguration section */

/* Begin XCConfigurationList section */
		A9D61E7426CAC3F4001E9697 /* Build configuration list for PBXNativeTarget "BarcodeScannerDemoApp" */ = {
			isa = XCConfigurationList;
			buildConfigurations = (
				A9D61E7526CAC3F4001E9697 /* Debug */,
				A9D61E7626CAC3F4001E9697 /* Release */,
			);
			defaultConfigurationIsVisible = 0;
			defaultConfigurationName = Release;
		};
		CCAC249824D9B43B00866C2E /* Build configuration list for PBXNativeTarget "Scanner" */ = {
			isa = XCConfigurationList;
			buildConfigurations = (
				CCAC249624D9B43B00866C2E /* Debug */,
				CCAC249724D9B43B00866C2E /* Release */,
			);
			defaultConfigurationIsVisible = 0;
			defaultConfigurationName = Release;
		};
		CCE2635C24D31B7D00C50D82 /* Build configuration list for PBXProject "BarcodeScanner" */ = {
			isa = XCConfigurationList;
			buildConfigurations = (
				CCE2637424D31B7D00C50D82 /* Debug */,
				CCE2637524D31B7D00C50D82 /* Release */,
			);
			defaultConfigurationIsVisible = 0;
			defaultConfigurationName = Release;
		};
		CCE2637624D31B7D00C50D82 /* Build configuration list for PBXNativeTarget "BarcodeScanner" */ = {
			isa = XCConfigurationList;
			buildConfigurations = (
				CCE2637724D31B7D00C50D82 /* Debug */,
				CCE2637824D31B7D00C50D82 /* Release */,
			);
			defaultConfigurationIsVisible = 0;
			defaultConfigurationName = Release;
		};
		CCE2637924D31B7D00C50D82 /* Build configuration list for PBXNativeTarget "BarcodeScannerTests" */ = {
			isa = XCConfigurationList;
			buildConfigurations = (
				CCE2637A24D31B7D00C50D82 /* Debug */,
				CCE2637B24D31B7D00C50D82 /* Release */,
			);
			defaultConfigurationIsVisible = 0;
			defaultConfigurationName = Release;
		};
/* End XCConfigurationList section */
	};
	rootObject = CCE2635924D31B7D00C50D82 /* Project object */;
}
